#MicroXplorer Configuration settings - do not modify
Mcu.Family=STM32F4
ProjectManager.MainLocation=Core/Src
SH.S_TIM4_CH2.ConfNb=1
PH0-OSC_IN.Signal=RCC_OSC_IN
USART2.IPParameters=VirtualMode
RCC.CortexFreq_Value=168000000
ProjectManager.KeepUserCode=true
Mcu.UserName=STM32F405RGTx
PC12.Locked=true
PC10.Locked=true
TIM12.Channel-PWM\ Generation2\ CH2=TIM_CHANNEL_2
RCC.PLLCLKFreq_Value=168000000
PC10.Signal=GPIO_Output
PC12.Signal=GPXTI12
RCC.PLLQCLKFreq_Value=48000000
ProjectManager.functionlistsort=1-MX_GPIO_Init-GPIO-false-HAL-true,2-SystemClock_Config-RCC-false-HAL-false,3-MX_TIM2_Init-TIM2-false-HAL-true,4-MX_TIM3_Init-TIM3-false-HAL-true,5-MX_TIM4_Init-TIM4-false-HAL-true,6-MX_USART2_UART_Init-USART2-false-HAL-true,7-MX_ADC1_Init-ADC1-false-HAL-true,8-MX_ADC2_Init-ADC2-false-HAL-true,9-MX_TIM8_Init-TIM8-false-HAL-true,10-MX_I2C3_Init-I2C3-false-HAL-true,11-MX_TIM12_Init-TIM12-false-HAL-true
PC0.GPIOParameters=GPIO_Label
PC0.GPIO_Label=LINE_LL
RCC.RTCFreq_Value=32000
PD2.Locked=true
PD2.GPIOParameters=GPIO_Label
SH.S_TIM4_CH4.ConfNb=1
PB11.Signal=S_TIM2_CH4
PB15.Signal=S_TIM12_CH2
PinOutPanel.RotationAngle=0
TIM3.Channel-PWM\ Generation4\ CH4=TIM_CHANNEL_4
RCC.SYSCLKSource=RCC_SYSCLKSOURCE_PLLCLK
ProjectManager.StackSize=0x400
PB5.GPIOParameters=GPIO_Label
SH.GPXTI13.0=GPIO_EXTI13
Mcu.IP4=RCC
RCC.FCLKCortexFreq_Value=168000000
Mcu.IP5=SYS
Mcu.IP2=I2C3
NVIC.SVCall_IRQn=true\:0\:0\:false\:false\:true\:false\:false
Mcu.IP3=NVIC
PA15.GPIO_Label=USER_LED_RUN
PB4.GPIOParameters=GPIO_Label
Mcu.IP0=ADC1
Mcu.IP1=ADC2
Mcu.UserConstants=
SH.S_TIM3_CH2.ConfNb=1
PC1.GPIOParameters=GPIO_Label
SH.GPXTI13.ConfNb=1
Mcu.ThirdPartyNb=0
RCC.HCLKFreq_Value=168000000
Mcu.IPNb=12
RCC.I2SClocksFreq_Value=192000000
TIM2.IPParameters=Channel-PWM Generation3 CH3,Channel-PWM Generation4 CH4
ProjectManager.PreviousToolchain=
RCC.APB2TimFreq_Value=168000000
PB6.Signal=S_TIM4_CH1
RCC.VcooutputI2S=192000000
PC7.Signal=S_TIM8_CH2
PC3.Signal=ADCx_IN13
Mcu.Pin6=PC3
Mcu.Pin7=PA0-WKUP
Mcu.Pin8=PA1
Mcu.Pin9=PA2
ADC2.Rank-15\#ChannelRegularConversion=1
RCC.AHBFreq_Value=168000000
PH0-OSC_IN.Mode=HSE-External-Oscillator
Mcu.Pin0=PC13-ANTI_TAMP
Mcu.Pin1=PH0-OSC_IN
GPIO.groupedBy=Group By Peripherals
Mcu.Pin2=PH1-OSC_OUT
Mcu.Pin3=PC0
Mcu.Pin4=PC1
Mcu.Pin5=PC2
ADC1.Channel-0\#ChannelRegularConversion=ADC_CHANNEL_10
ProjectManager.ProjectBuild=false
RCC.HSE_VALUE=8000000
TIM4.Channel-PWM\ Generation3\ CH3=TIM_CHANNEL_3
NVIC.UsageFault_IRQn=true\:0\:0\:false\:false\:true\:false\:false
NVIC.DebugMonitor_IRQn=true\:0\:0\:false\:false\:true\:false\:false
PB2.Signal=GPIO_Input
SH.ADCx_IN14.ConfNb=1
Mcu.IP10=TIM12
PC13-ANTI_TAMP.Signal=GPXTI13
SH.ADCx_IN15.0=ADC2_IN15,IN15
NVIC.SysTick_IRQn=true\:0\:0\:false\:false\:true\:false\:true
SH.GPXTI12.0=GPIO_EXTI12
Mcu.IP11=USART2
ProjectManager.FirmwarePackage=STM32Cube FW_F4 V1.26.1
SH.S_TIM12_CH2.ConfNb=1
MxDb.Version=DB.6.0.21
ProjectManager.BackupPrevious=false
RCC.VCOInputFreq_Value=2000000
SH.S_TIM12_CH1.0=TIM12_CH1,PWM Generation1 CH1
PC4.GPIO_Label=BATTERY_SENSE
PA14.Mode=Serial_Wire
PC11.GPIO_Label=USER_BUTTON_L
File.Version=6
PC9.Mode=I2C
SH.ADCx_IN13.ConfNb=1
SH.ADCx_IN11.ConfNb=1
PB3.GPIOParameters=GPIO_Label
SH.S_TIM4_CH2.0=TIM4_CH2,Encoder_Interface
PB7.Signal=S_TIM4_CH2
PA8.Signal=I2C3_SCL
NVIC.PendSV_IRQn=true\:0\:0\:false\:false\:true\:false\:false
SH.S_TIM3_CH1.0=TIM3_CH1,Encoder_Interface
ProjectManager.HalAssertFull=false
SH.S_TIM8_CH1.ConfNb=1
ADC1.SamplingTime-0\#ChannelRegularConversion=ADC_SAMPLETIME_3CYCLES
ProjectManager.ProjectName=sneak100_f405_software_test
PH1-OSC_OUT.Mode=HSE-External-Oscillator
RCC.MCO2PinFreq_Value=168000000
PC8.GPIOParameters=GPIO_Label
Mcu.Package=LQFP64
PB9.Signal=S_TIM4_CH4
PB1.Signal=S_TIM3_CH4
PA6.Signal=S_TIM3_CH1
SH.ADCx_IN14.0=ADC1_IN14,IN14
USART2.VirtualMode=VM_ASYNC
ProjectManager.ToolChainLocation=
RCC.LSI_VALUE=32000
VP_SYS_VS_Systick.Signal=SYS_VS_Systick
PA15.Signal=GPIO_Output
SH.S_TIM12_CH2.0=TIM12_CH2,PWM Generation2 CH2
RCC.APB2CLKDivider=RCC_HCLK_DIV2
PB5.GPIO_Label=PROXIMITY_ADD2
SH.S_TIM4_CH1.0=TIM4_CH1,Encoder_Interface
RCC.APB1TimFreq_Value=84000000
NVIC.BusFault_IRQn=true\:0\:0\:false\:false\:true\:false\:false
PC5.Signal=ADCx_IN15
SH.S_TIM2_CH4.ConfNb=1
TIM4.Channel-PWM\ Generation4\ CH4=TIM_CHANNEL_4
PC2.GPIO_Label=LINE_RM
ProjectManager.CustomerFirmwarePackage=
PC4.GPIOParameters=GPIO_Label
PB3.Locked=true
PB4.Signal=GPIO_Output
PA3.Signal=USART2_RX
PC13-ANTI_TAMP.GPIOParameters=GPIO_Label
PB3.GPIO_Label=PROXIMITY_ADD0
ADC2.ClockPrescaler=ADC_CLOCK_SYNC_PCLK_DIV4
RCC.PLLSourceVirtual=RCC_PLLSOURCE_HSE
SH.S_TIM4_CH1.ConfNb=1
ProjectManager.ProjectFileName=sneak100_f405_software_test.ioc
TIM2.Channel-PWM\ Generation4\ CH4=TIM_CHANNEL_4
SH.ADCx_IN13.0=ADC1_IN13,IN13
ADC1.Rank-0\#ChannelRegularConversion=1
PA15.GPIOParameters=GPIO_Label
PC10.GPIO_Label=USER_LED_ERROR
Mcu.PinsNb=42
ProjectManager.NoMain=false
PC11.Locked=true
PC13-ANTI_TAMP.GPIO_Label=RECEIVER_OUT
ADC1.IPParameters=Rank-0\#ChannelRegularConversion,master,Channel-0\#ChannelRegularConversion,SamplingTime-0\#ChannelRegularConversion,NbrOfConversionFlag,ClockPrescaler
SH.S_TIM4_CH4.0=TIM4_CH4,PWM Generation4 CH4
PC11.Signal=GPIO_Input
PC8.Signal=GPIO_Output
PC2.Signal=ADCx_IN12
PC4.Signal=ADCx_IN14
PC6.Signal=S_TIM8_CH1
ProjectManager.DefaultFWLocation=true
ProjectManager.DeletePrevious=true
PC0.Signal=ADCx_IN10
RCC.APB1CLKDivider=RCC_HCLK_DIV4
PC11.GPIOParameters=GPIO_Label
SH.S_TIM3_CH3.0=TIM3_CH3,PWM Generation3 CH3
SH.S_TIM2_CH1_ETR.ConfNb=1
SH.S_TIM8_CH2.0=TIM8_CH2,Encoder_Interface
RCC.FamilyName=M
PA0-WKUP.Signal=S_TIM2_CH1_ETR
PC3.GPIOParameters=GPIO_Label
PC8.GPIO_Label=PROXIMITY_TX_ENABLE
PC12.GPIOParameters=GPIO_Label
PA3.Mode=Asynchronous
PA13.Signal=SYS_JTMS-SWDIO
TIM3.Channel-PWM\ Generation3\ CH3=TIM_CHANNEL_3
SH.S_TIM2_CH2.0=TIM2_CH2,Encoder_Interface
SH.ADCx_IN12.0=ADC1_IN12,IN12
PA15.Locked=true
ProjectManager.TargetToolchain=STM32CubeIDE
TIM4.IPParameters=Channel-PWM Generation3 CH3,Channel-PWM Generation4 CH4
SH.S_TIM3_CH3.ConfNb=1
SH.S_TIM4_CH3.0=TIM4_CH3,PWM Generation3 CH3
ADC2.IPParameters=Rank-15\#ChannelRegularConversion,Channel-15\#ChannelRegularConversion,SamplingTime-15\#ChannelRegularConversion,NbrOfConversionFlag,ClockPrescaler
PC5.GPIOParameters=GPIO_Label
PB2.GPIOParameters=GPIO_Label
SH.S_TIM2_CH2.ConfNb=1
SH.GPXTI12.ConfNb=1
PB5.Locked=true
ProjectManager.RegisterCallBack=
RCC.LSE_VALUE=32768
PA1.Signal=S_TIM2_CH2
PB10.Signal=S_TIM2_CH3
SH.S_TIM4_CH3.ConfNb=1
RCC.VCOI2SOutputFreq_Value=384000000
PB14.Signal=S_TIM12_CH1
Mcu.Pin40=PB9
SH.S_TIM3_CH2.0=TIM3_CH2,Encoder_Interface
Mcu.Pin41=VP_SYS_VS_Systick
SH.S_TIM8_CH1.0=TIM8_CH1,Encoder_Interface
board=custom
RCC.VCOOutputFreq_Value=336000000
PC13-ANTI_TAMP.Locked=true
ProjectManager.LastFirmware=true
ADC2.SamplingTime-15\#ChannelRegularConversion=ADC_SAMPLETIME_3CYCLES
SH.S_TIM12_CH1.ConfNb=1
TIM12.Channel-PWM\ Generation1\ CH1=TIM_CHANNEL_1
RCC.APB2Freq_Value=84000000
SH.ADCx_IN11.0=ADC1_IN11,IN11
MxCube.Version=6.2.1
PB4.GPIO_Label=PROXIMITY_ADD1
Mcu.Pin37=PB6
Mcu.Pin38=PB7
Mcu.Pin35=PB4
SH.S_TIM2_CH3.0=TIM2_CH3,PWM Generation3 CH3
Mcu.Pin36=PB5
Mcu.Pin39=PB8
SH.ADCx_IN10.ConfNb=1
PC2.GPIOParameters=GPIO_Label
Mcu.Pin30=PC10
PC1.GPIO_Label=LINE_LM
VP_SYS_VS_Systick.Mode=SysTick
RCC.EthernetFreq_Value=168000000
TIM2.Channel-PWM\ Generation3\ CH3=TIM_CHANNEL_3
SH.ADCx_IN12.ConfNb=1
Mcu.Pin33=PD2
TIM3.IPParameters=Channel-PWM Generation3 CH3,Channel-PWM Generation4 CH4
PH1-OSC_OUT.Signal=RCC_OSC_OUT
Mcu.Pin34=PB3
Mcu.Pin31=PC11
SH.ADCx_IN15.ConfNb=1
Mcu.Pin32=PC12
NVIC.NonMaskableInt_IRQn=true\:0\:0\:false\:false\:true\:false\:false
SH.S_TIM2_CH3.ConfNb=1
PC10.GPIOParameters=GPIO_Label
PA13.Mode=Serial_Wire
ProjectManager.FreePins=false
RCC.IPParameters=48MHZClocksFreq_Value,AHBFreq_Value,APB1CLKDivider,APB1Freq_Value,APB1TimFreq_Value,APB2CLKDivider,APB2Freq_Value,APB2TimFreq_Value,CortexFreq_Value,EthernetFreq_Value,FCLKCortexFreq_Value,FamilyName,HCLKFreq_Value,HSE_VALUE,HSI_VALUE,I2SClocksFreq_Value,LSE_VALUE,LSI_VALUE,MCO2PinFreq_Value,PLLCLKFreq_Value,PLLM,PLLN,PLLQ,PLLQCLKFreq_Value,PLLSourceVirtual,RTCFreq_Value,RTCHSEDivFreq_Value,SYSCLKFreq_VALUE,SYSCLKSource,VCOI2SOutputFreq_Value,VCOInputFreq_Value,VCOOutputFreq_Value,VcooutputI2S
ProjectManager.AskForMigrate=true
Mcu.Name=STM32F405RGTx
Mcu.Pin26=PA8
Mcu.Pin27=PA13
RCC.RTCHSEDivFreq_Value=4000000
PA2.Signal=USART2_TX
Mcu.Pin24=PC8
ProjectManager.UnderRoot=true
Mcu.Pin25=PC9
PB2.Locked=true
Mcu.IP8=TIM4
Mcu.IP9=TIM8
Mcu.Pin28=PA14
Mcu.IP6=TIM2
Mcu.Pin29=PA15
Mcu.IP7=TIM3
ProjectManager.CoupleFile=true
PB4.Locked=true
RCC.48MHZClocksFreq_Value=48000000
PB3.Signal=GPIO_Output
RCC.SYSCLKFreq_VALUE=168000000
PB5.Signal=GPIO_Output
Mcu.Pin22=PC6
Mcu.Pin23=PC7
Mcu.Pin20=PB14
ADC1.master=1
Mcu.Pin21=PB15
ADC2.NbrOfConversionFlag=1
NVIC.ForceEnableDMAVector=true
KeepUserPlacement=false
PC5.GPIO_Label=PROXIMITY_RX_READ
NVIC.MemoryManagement_IRQn=true\:0\:0\:false\:false\:true\:false\:false
PC12.GPIO_Label=USER_BUTTON_C
ProjectManager.CompilerOptimize=6
SH.S_TIM2_CH1_ETR.0=TIM2_CH1,Encoder_Interface
PA14.Signal=SYS_JTCK-SWCLK
PB2.GPIO_Label=BOOT1
SH.ADCx_IN10.0=ADC1_IN10,IN10
ProjectManager.HeapSize=0x200
Mcu.Pin15=PB0
NVIC.HardFault_IRQn=true\:0\:0\:false\:false\:true\:false\:false
Mcu.Pin16=PB1
Mcu.Pin13=PC4
SH.S_TIM2_CH4.0=TIM2_CH4,PWM Generation4 CH4
Mcu.Pin14=PC5
Mcu.Pin19=PB11
SH.S_TIM3_CH1.ConfNb=1
ProjectManager.ComputerToolchain=false
Mcu.Pin17=PB2
RCC.HSI_VALUE=16000000
Mcu.Pin18=PB10
SH.S_TIM3_CH4.ConfNb=1
RCC.PLLQ=7
NVIC.PriorityGroup=NVIC_PRIORITYGROUP_4
ADC1.NbrOfConversionFlag=1
Mcu.Pin11=PA6
ADC2.Channel-15\#ChannelRegularConversion=ADC_CHANNEL_15
Mcu.Pin12=PA7
RCC.PLLM=4
RCC.PLLN=168
Mcu.Pin10=PA3
PA2.Mode=Asynchronous
PB8.Signal=S_TIM4_CH3
PC3.GPIO_Label=LINE_RR
PC8.Locked=true
PA8.Mode=I2C
PC9.Signal=I2C3_SDA
PD2.Signal=GPIO_Input
RCC.APB1Freq_Value=42000000
PB0.Signal=S_TIM3_CH3
ADC1.ClockPrescaler=ADC_CLOCK_SYNC_PCLK_DIV4
TIM12.IPParameters=Channel-PWM Generation1 CH1,Channel-PWM Generation2 CH2
ProjectManager.DeviceId=STM32F405RGTx
PC1.Signal=ADCx_IN11
SH.S_TIM8_CH2.ConfNb=1
PD2.GPIO_Label=USER_BUTTON_R
ProjectManager.LibraryCopy=1
SH.S_TIM3_CH4.0=TIM3_CH4,PWM Generation4 CH4
PA7.Signal=S_TIM3_CH2
isbadioc=false
