#MicroXplorer Configuration settings - do not modify
Mcu.Family=STM32F4
ProjectManager.MainLocation=Core/Src
PB13.GPIOParameters=GPIO_Label
SH.S_TIM4_CH2.ConfNb=1
PH0-OSC_IN.Signal=RCC_OSC_IN
SH.S_TIM1_CH4.0=TIM1_CH4,PWM Generation4 CH4
USART2.IPParameters=VirtualMode
RCC.CortexFreq_Value=16000000
ProjectManager.KeepUserCode=true
Mcu.UserName=STM32F405RGTx
SPI1.VirtualType=VM_MASTER
PC12.Locked=true
TIM1.IPParameters=Channel-PWM Generation3 CH3,Channel-PWM Generation4 CH4
PC10.Locked=true
RCC.PLLCLKFreq_Value=96000000
PC10.Signal=GPIO_Output
PC12.Signal=GPXTI12
PB14.GPIO_Label=PROXIMITY_ADD1
RCC.PLLQCLKFreq_Value=48000000
ProjectManager.functionlistsort=1-MX_GPIO_Init-GPIO-false-HAL-true,2-SystemClock_Config-RCC-false-HAL-false,3-MX_TIM1_Init-TIM1-false-HAL-true,4-MX_TIM2_Init-TIM2-false-HAL-true,5-MX_TIM3_Init-TIM3-false-HAL-true,6-MX_TIM4_Init-TIM4-false-HAL-true,7-MX_USART2_UART_Init-USART2-false-HAL-true,8-MX_USART6_UART_Init-USART6-false-HAL-true,9-MX_ADC1_Init-ADC1-false-HAL-true,10-MX_ADC2_Init-ADC2-false-HAL-true,11-MX_SPI1_Init-SPI1-false-HAL-true
PC0.GPIOParameters=GPIO_Label
PC0.GPIO_Label=LINE_LL
RCC.RTCFreq_Value=32000
PD2.Locked=true
PD2.GPIOParameters=GPIO_Label
SH.S_TIM1_CH3.ConfNb=1
SH.S_TIM1_CH1.ConfNb=1
SH.S_TIM4_CH4.ConfNb=1
PB13.GPIO_Label=PROXIMITY_ADD0
PB11.Signal=S_TIM2_CH4
PB13.Signal=GPIO_Output
PB15.Signal=GPIO_Output
PinOutPanel.RotationAngle=0
TIM3.Channel-PWM\ Generation4\ CH4=TIM_CHANNEL_4
ProjectManager.StackSize=0x400
SH.GPXTI2.0=GPIO_EXTI2
Mcu.IP4=SPI1
Mcu.IP5=SYS
Mcu.IP2=NVIC
NVIC.SVCall_IRQn=true\:0\:0\:false\:false\:true\:false\:false
Mcu.IP3=RCC
PA15.GPIO_Label=USER_LED1
Mcu.IP0=ADC1
Mcu.IP1=ADC2
Mcu.UserConstants=
SH.S_TIM3_CH2.ConfNb=1
PC1.GPIOParameters=GPIO_Label
Mcu.ThirdPartyNb=0
TIM1.Channel-PWM\ Generation4\ CH4=TIM_CHANNEL_4
SPI1.Direction=SPI_DIRECTION_2LINES
Mcu.IPNb=12
RCC.I2SClocksFreq_Value=96000000
TIM2.IPParameters=Channel-PWM Generation3 CH3,Channel-PWM Generation4 CH4
ProjectManager.PreviousToolchain=
PB6.Signal=S_TIM4_CH1
RCC.VcooutputI2S=96000000
PC7.Signal=USART6_RX
SPI1.CalculateBaudRate=8.0 MBits/s
PC3.Signal=ADCx_IN13
Mcu.Pin6=PC2
Mcu.Pin7=PC3
Mcu.Pin8=PA0-WKUP
Mcu.Pin9=PA2
ADC2.Rank-15\#ChannelRegularConversion=1
RCC.AHBFreq_Value=16000000
PH0-OSC_IN.Mode=HSE-External-Oscillator
PB13.Locked=true
Mcu.Pin0=PC13-ANTI_TAMP
Mcu.Pin1=PC14-OSC32_IN
GPIO.groupedBy=Group By Peripherals
Mcu.Pin2=PH0-OSC_IN
Mcu.Pin3=PH1-OSC_OUT
Mcu.Pin4=PC0
Mcu.Pin5=PC1
ADC1.Channel-0\#ChannelRegularConversion=ADC_CHANNEL_10
ProjectManager.ProjectBuild=false
RCC.HSE_VALUE=25000000
TIM4.Channel-PWM\ Generation3\ CH3=TIM_CHANNEL_3
NVIC.UsageFault_IRQn=true\:0\:0\:false\:false\:true\:false\:false
NVIC.DebugMonitor_IRQn=true\:0\:0\:false\:false\:true\:false\:false
SH.ADCx_IN14.ConfNb=1
Mcu.IP10=USART2
PC13-ANTI_TAMP.Signal=GPIO_Input
SH.ADCx_IN15.0=ADC2_IN15,IN15
NVIC.SysTick_IRQn=true\:0\:0\:false\:false\:true\:false\:true
SH.GPXTI12.0=GPIO_EXTI12
Mcu.IP11=USART6
PB12.GPIO_Label=PROXIMITY_TX_ENABLE
ProjectManager.FirmwarePackage=STM32Cube FW_F4 V1.26.1
MxDb.Version=DB.6.0.21
PB4.Mode=Full_Duplex_Master
ProjectManager.BackupPrevious=false
RCC.VCOInputFreq_Value=1000000
PC4.GPIO_Label=BATTERY_VOLTAGE
PA14.Mode=Serial_Wire
PC11.GPIO_Label=USER_LED3
PB5.Mode=Full_Duplex_Master
File.Version=6
SH.ADCx_IN13.ConfNb=1
SH.ADCx_IN11.ConfNb=1
SH.S_TIM4_CH2.0=TIM4_CH2,Encoder_Interface
PB7.Signal=S_TIM4_CH2
PA8.Signal=S_TIM1_CH1
NVIC.PendSV_IRQn=true\:0\:0\:false\:false\:true\:false\:false
SH.S_TIM3_CH1.0=TIM3_CH1,Encoder_Interface
ProjectManager.HalAssertFull=false
ADC1.SamplingTime-0\#ChannelRegularConversion=ADC_SAMPLETIME_3CYCLES
PC14-OSC32_IN.GPIOParameters=GPIO_Label
ProjectManager.ProjectName=sneak100_f405_software_test
PH1-OSC_OUT.Mode=HSE-External-Oscillator
Mcu.Package=LQFP64
PB9.Signal=S_TIM4_CH4
PB1.Signal=S_TIM3_CH4
PA6.Signal=S_TIM3_CH1
SH.ADCx_IN14.0=ADC1_IN14,IN14
USART2.VirtualMode=VM_ASYNC
USART6.VirtualMode=VM_ASYNC
ProjectManager.ToolChainLocation=
RCC.LSI_VALUE=32000
VP_SYS_VS_Systick.Signal=SYS_VS_Systick
PA10.Signal=S_TIM1_CH3
PA15.Signal=GPIO_Output
PB14.GPIOParameters=GPIO_Label
SH.S_TIM4_CH1.0=TIM4_CH1,Encoder_Interface
NVIC.BusFault_IRQn=true\:0\:0\:false\:false\:true\:false\:false
PC14-OSC32_IN.GPIO_Label=MODULE_KILL
PC5.Signal=ADCx_IN15
SH.S_TIM2_CH4.ConfNb=1
TIM4.Channel-PWM\ Generation4\ CH4=TIM_CHANNEL_4
PC2.GPIO_Label=LINE_RM
ProjectManager.CustomerFirmwarePackage=
PC4.GPIOParameters=GPIO_Label
PC14-OSC32_IN.Locked=true
PB15.Locked=true
PB4.Signal=SPI1_MISO
PA3.Signal=USART2_RX
PA5.Mode=Full_Duplex_Master
PC13-ANTI_TAMP.GPIOParameters=GPIO_Label
SH.S_TIM4_CH1.ConfNb=1
ProjectManager.ProjectFileName=sneak100_f405_software_test.ioc
TIM2.Channel-PWM\ Generation4\ CH4=TIM_CHANNEL_4
SH.ADCx_IN13.0=ADC1_IN13,IN13
ADC1.Rank-0\#ChannelRegularConversion=1
PA15.GPIOParameters=GPIO_Label
Mcu.PinsNb=45
ProjectManager.NoMain=false
PC11.Locked=true
SPI1.IPParameters=VirtualType,Mode,Direction,CalculateBaudRate
PC13-ANTI_TAMP.GPIO_Label=MODULE_START
ADC1.IPParameters=Rank-0\#ChannelRegularConversion,master,Channel-0\#ChannelRegularConversion,SamplingTime-0\#ChannelRegularConversion,NbrOfConversionFlag
USART6.IPParameters=VirtualMode
SH.S_TIM4_CH4.0=TIM4_CH4,PWM Generation4 CH4
PC11.Signal=GPIO_Output
PC2.Signal=ADCx_IN12
PC4.Signal=ADCx_IN14
PC6.Signal=USART6_TX
ProjectManager.DefaultFWLocation=true
PB12.Locked=true
ProjectManager.DeletePrevious=true
PC0.Signal=ADCx_IN10
PB14.Locked=true
PC14-OSC32_IN.Signal=GPIO_Input
PC11.GPIOParameters=GPIO_Label
SH.S_TIM3_CH3.0=TIM3_CH3,PWM Generation3 CH3
SH.S_TIM2_CH1_ETR.ConfNb=1
RCC.FamilyName=M
PA0-WKUP.Signal=S_TIM2_CH1_ETR
PC3.GPIOParameters=GPIO_Label
PC12.GPIOParameters=GPIO_Label
PA3.Mode=Asynchronous
PA13.Signal=SYS_JTMS-SWDIO
TIM3.Channel-PWM\ Generation3\ CH3=TIM_CHANNEL_3
SH.S_TIM2_CH2.0=TIM2_CH2,Encoder_Interface
SH.ADCx_IN12.0=ADC1_IN12,IN12
PA15.Locked=true
SH.S_TIM1_CH1.0=TIM1_CH1,Encoder_Interface
SH.GPXTI2.ConfNb=1
ProjectManager.TargetToolchain=STM32CubeIDE
TIM4.IPParameters=Channel-PWM Generation3 CH3,Channel-PWM Generation4 CH4
SH.S_TIM3_CH3.ConfNb=1
PC6.Mode=Asynchronous
SH.S_TIM4_CH3.0=TIM4_CH3,PWM Generation3 CH3
ADC2.IPParameters=Rank-15\#ChannelRegularConversion,Channel-15\#ChannelRegularConversion,SamplingTime-15\#ChannelRegularConversion,NbrOfConversionFlag
PC5.GPIOParameters=GPIO_Label
PA9.Signal=S_TIM1_CH2
SH.S_TIM2_CH2.ConfNb=1
SH.GPXTI12.ConfNb=1
ProjectManager.RegisterCallBack=
RCC.LSE_VALUE=32768
SH.S_TIM1_CH2.ConfNb=1
PB10.Signal=S_TIM2_CH3
SH.S_TIM4_CH3.ConfNb=1
RCC.VCOI2SOutputFreq_Value=192000000
PB14.Signal=GPIO_Output
PA5.Signal=SPI1_SCK
Mcu.Pin40=PB6
SH.S_TIM3_CH2.0=TIM3_CH2,Encoder_Interface
Mcu.Pin41=PB7
Mcu.Pin44=VP_SYS_VS_Systick
Mcu.Pin42=PB8
board=custom
Mcu.Pin43=PB9
RCC.VCOOutputFreq_Value=192000000
PC13-ANTI_TAMP.Locked=true
ProjectManager.LastFirmware=true
ADC2.SamplingTime-15\#ChannelRegularConversion=ADC_SAMPLETIME_3CYCLES
RCC.APB2Freq_Value=16000000
SH.ADCx_IN11.0=ADC1_IN11,IN11
MxCube.Version=6.2.1
Mcu.Pin37=PB3
Mcu.Pin38=PB4
PB15.GPIO_Label=PROXIMITY_ADD2
SH.S_TIM1_CH2.0=TIM1_CH2,Encoder_Interface
Mcu.Pin35=PC12
SH.S_TIM2_CH3.0=TIM2_CH3,PWM Generation3 CH3
Mcu.Pin36=PD2
SPI1.Mode=SPI_MODE_MASTER
Mcu.Pin39=PB5
SH.ADCx_IN10.ConfNb=1
PC2.GPIOParameters=GPIO_Label
Mcu.Pin30=PA13
PC1.GPIO_Label=LINE_LM
VP_SYS_VS_Systick.Mode=SysTick
TIM2.Channel-PWM\ Generation3\ CH3=TIM_CHANNEL_3
SH.ADCx_IN12.ConfNb=1
Mcu.Pin33=PC10
TIM3.IPParameters=Channel-PWM Generation3 CH3,Channel-PWM Generation4 CH4
PH1-OSC_OUT.Signal=RCC_OSC_OUT
Mcu.Pin34=PC11
Mcu.Pin31=PA14
SH.ADCx_IN15.ConfNb=1
Mcu.Pin32=PA15
NVIC.NonMaskableInt_IRQn=true\:0\:0\:false\:false\:true\:false\:false
SH.S_TIM2_CH3.ConfNb=1
PB15.GPIOParameters=GPIO_Label
PA13.Mode=Serial_Wire
ProjectManager.FreePins=false
RCC.IPParameters=AHBFreq_Value,APB1Freq_Value,APB2Freq_Value,CortexFreq_Value,FamilyName,HSE_VALUE,HSI_VALUE,I2SClocksFreq_Value,LSE_VALUE,LSI_VALUE,PLLCLKFreq_Value,PLLQCLKFreq_Value,RTCFreq_Value,RTCHSEDivFreq_Value,SYSCLKFreq_VALUE,VCOI2SOutputFreq_Value,VCOInputFreq_Value,VCOOutputFreq_Value,VcooutputI2S
ProjectManager.AskForMigrate=true
Mcu.Name=STM32F405RGTx
Mcu.Pin26=PA8
Mcu.Pin27=PA9
RCC.RTCHSEDivFreq_Value=12500000
PA2.Signal=USART2_TX
Mcu.Pin24=PC6
ProjectManager.UnderRoot=true
Mcu.Pin25=PC7
Mcu.IP8=TIM3
Mcu.IP9=TIM4
Mcu.Pin28=PA10
Mcu.IP6=TIM1
Mcu.Pin29=PA11
Mcu.IP7=TIM2
ProjectManager.CoupleFile=true
PB3.Signal=S_TIM2_CH2
RCC.SYSCLKFreq_VALUE=16000000
PB5.Signal=SPI1_MOSI
Mcu.Pin22=PB14
Mcu.Pin23=PB15
Mcu.Pin20=PB12
ADC1.master=1
Mcu.Pin21=PB13
ADC2.NbrOfConversionFlag=1
NVIC.ForceEnableDMAVector=true
KeepUserPlacement=false
PC5.GPIO_Label=PROXIMITY_RX_READ
NVIC.MemoryManagement_IRQn=true\:0\:0\:false\:false\:true\:false\:false
PC12.GPIO_Label=USER_BUTTON
ProjectManager.CompilerOptimize=6
PA11.Signal=S_TIM1_CH4
SH.S_TIM2_CH1_ETR.0=TIM2_CH1,Encoder_Interface
PA14.Signal=SYS_JTCK-SWCLK
SH.ADCx_IN10.0=ADC1_IN10,IN10
ProjectManager.HeapSize=0x200
Mcu.Pin15=PC5
NVIC.HardFault_IRQn=true\:0\:0\:false\:false\:true\:false\:false
Mcu.Pin16=PB0
Mcu.Pin13=PA7
SH.S_TIM2_CH4.0=TIM2_CH4,PWM Generation4 CH4
Mcu.Pin14=PC4
SH.S_TIM1_CH3.0=TIM1_CH3,PWM Generation3 CH3
Mcu.Pin19=PB11
SH.S_TIM3_CH1.ConfNb=1
ProjectManager.ComputerToolchain=false
Mcu.Pin17=PB1
RCC.HSI_VALUE=16000000
Mcu.Pin18=PB10
SH.S_TIM3_CH4.ConfNb=1
NVIC.PriorityGroup=NVIC_PRIORITYGROUP_4
ADC1.NbrOfConversionFlag=1
Mcu.Pin11=PA5
ADC2.Channel-15\#ChannelRegularConversion=ADC_CHANNEL_15
Mcu.Pin12=PA6
Mcu.Pin10=PA3
PA2.Mode=Asynchronous
PB8.Signal=S_TIM4_CH3
PC3.GPIO_Label=LINE_RR
TIM1.Channel-PWM\ Generation3\ CH3=TIM_CHANNEL_3
PC7.Mode=Asynchronous
PD2.Signal=GPXTI2
RCC.APB1Freq_Value=16000000
PB0.Signal=S_TIM3_CH3
SH.S_TIM1_CH4.ConfNb=1
ProjectManager.DeviceId=STM32F405RGTx
PC1.Signal=ADCx_IN11
PB12.GPIOParameters=GPIO_Label
PB12.Signal=GPIO_Output
PD2.GPIO_Label=USER_RC
ProjectManager.LibraryCopy=1
SH.S_TIM3_CH4.0=TIM3_CH4,PWM Generation4 CH4
PA7.Signal=S_TIM3_CH2
isbadioc=false
