#MicroXplorer Configuration settings - do not modify
Mcu.Family=STM32F4
ProjectManager.MainLocation=Core/Src
PB13.GPIOParameters=GPIO_Label
SH.S_TIM4_CH2.ConfNb=1
PC7.GPIOParameters=GPIO_Label
USART2.IPParameters=VirtualMode
RCC.CortexFreq_Value=16000000
ProjectManager.KeepUserCode=true
Mcu.UserName=STM32F411RETx
PC12.Locked=true
PC10.Locked=true
RCC.PLLCLKFreq_Value=72000000
PC10.Signal=GPIO_Output
PC12.Signal=GPIO_Output
PB14.GPIO_Label=PROXIMITY_TX_ADD2
RCC.PLLQCLKFreq_Value=48000000
PC7.Locked=true
ProjectManager.functionlistsort=1-MX_GPIO_Init-GPIO-false-HAL-true,2-SystemClock_Config-RCC-false-HAL-false,3-MX_ADC1_Init-ADC1-false-HAL-true,4-MX_TIM1_Init-TIM1-false-HAL-true,5-MX_TIM2_Init-TIM2-false-HAL-true,6-MX_TIM3_Init-TIM3-false-HAL-true,7-MX_TIM4_Init-TIM4-false-HAL-true,8-MX_TIM5_Init-TIM5-false-HAL-true,9-MX_USART1_UART_Init-USART1-false-HAL-true,10-MX_USART2_UART_Init-USART2-false-HAL-true
SH.S_TIM5_CH2.0=TIM5_CH2,Encoder_Interface
PC6.GPIO_Label=IR_RX
RCC.RTCFreq_Value=32000
PC9.Locked=true
PB0.GPIO_Label=MOTOR_FL_DIR
SH.S_TIM1_CH1.ConfNb=1
USART1.IPParameters=VirtualMode
SH.S_TIM4_CH4.ConfNb=1
PB13.GPIO_Label=PROXIMITY_TX_ADD1
PB13.Signal=GPIO_Output
PB15.Signal=GPIO_Input
PinOutPanel.RotationAngle=0
ProjectManager.StackSize=0x400
PB5.GPIOParameters=GPIO_Label
Mcu.IP4=TIM1
RCC.FCLKCortexFreq_Value=16000000
Mcu.IP5=TIM2
NVIC.SVCall_IRQn=true\:0\:0\:false\:false\:true\:false\:false
Mcu.IP2=RCC
Mcu.IP3=SYS
PB4.GPIOParameters=GPIO_Label
Mcu.IP0=ADC1
Mcu.IP1=NVIC
Mcu.UserConstants=
SH.S_TIM3_CH2.ConfNb=1
Mcu.ThirdPartyNb=0
RCC.HCLKFreq_Value=16000000
Mcu.IPNb=11
RCC.I2SClocksFreq_Value=96000000
ProjectManager.PreviousToolchain=
RCC.APB2TimFreq_Value=16000000
PB6.Signal=S_TIM4_CH1
RCC.VcooutputI2S=96000000
ADC1.Channel-2\#ChannelRegularConversion=ADC_CHANNEL_15
PC7.Signal=GPIO_Output
PC3.Signal=ADCx_IN13
Mcu.Pin6=PA3
Mcu.Pin7=PA5
Mcu.Pin8=PA6
Mcu.Pin9=PA7
RCC.AHBFreq_Value=16000000
PB13.Locked=true
Mcu.Pin0=PC1
Mcu.Pin1=PC2
GPIO.groupedBy=Group By Peripherals
Mcu.Pin2=PC3
Mcu.Pin3=PA0-WKUP
Mcu.Pin4=PA1
Mcu.Pin5=PA2
ProjectManager.ProjectBuild=false
RCC.HSE_VALUE=16000000
TIM4.Channel-PWM\ Generation3\ CH3=TIM_CHANNEL_3
NVIC.UsageFault_IRQn=true\:0\:0\:false\:false\:true\:false\:false
NVIC.DebugMonitor_IRQn=true\:0\:0\:false\:false\:true\:false\:false
PB2.Signal=GPIO_Output
SH.ADCx_IN14.ConfNb=1
Mcu.IP10=USART2
SH.ADCx_IN15.0=ADC1_IN15,IN15
PA15.Mode=Asynchronous
NVIC.SysTick_IRQn=true\:0\:0\:false\:false\:true\:false\:true
PB12.GPIO_Label=PROXIMITY_TX_ADD0
ProjectManager.FirmwarePackage=STM32Cube FW_F4 V1.26.1
MxDb.Version=DB.6.0.21
PB0.GPIOParameters=GPIO_Label
ADC1.Rank-2\#ChannelRegularConversion=1
ProjectManager.BackupPrevious=false
RCC.VCOInputFreq_Value=2000000
PA14.Mode=Serial_Wire
PB1.GPIO_Label=MOTOR_FR_DIR
PC11.GPIO_Label=PROXIMITY_RX_ADD1
File.Version=6
SH.ADCx_IN13.ConfNb=1
SH.ADCx_IN11.ConfNb=1
SH.S_TIM4_CH2.0=TIM4_CH2,PWM Generation2 CH2
PB7.Signal=S_TIM4_CH2
PA8.Signal=S_TIM1_CH1
NVIC.PendSV_IRQn=true\:0\:0\:false\:false\:true\:false\:false
SH.S_TIM5_CH2.ConfNb=1
SH.S_TIM3_CH1.0=TIM3_CH1,Encoder_Interface
ProjectManager.HalAssertFull=false
PB0.Locked=true
ProjectManager.ProjectName=sneak100_software_test
RCC.MCO2PinFreq_Value=16000000
PC8.GPIOParameters=GPIO_Label
Mcu.Package=LQFP64
PB9.Signal=S_TIM4_CH4
PB1.Signal=GPIO_Output
PA6.Signal=S_TIM3_CH1
SH.ADCx_IN14.0=ADC1_IN14,IN14
USART2.VirtualMode=VM_ASYNC
ProjectManager.ToolChainLocation=
RCC.LSI_VALUE=32000
VP_SYS_VS_Systick.Signal=SYS_VS_Systick
PA10.Signal=USART1_RX
PA15.Signal=USART1_TX
PB14.GPIOParameters=GPIO_Label
PB5.GPIO_Label=SMODULE_KILL
SH.S_TIM4_CH1.0=TIM4_CH1,PWM Generation1 CH1
RCC.APB1TimFreq_Value=8000000
NVIC.BusFault_IRQn=true\:0\:0\:false\:false\:true\:false\:false
SH.S_TIM5_CH1.0=TIM5_CH1,Encoder_Interface
PC5.Signal=ADCx_IN15
PB10.GPIOParameters=GPIO_Label
TIM4.Channel-PWM\ Generation4\ CH4=TIM_CHANNEL_4
ProjectManager.CustomerFirmwarePackage=
PB15.Locked=true
PB4.Signal=GPIO_Input
PA3.Signal=USART2_RX
TIM4.Channel-PWM\ Generation1\ CH1=TIM_CHANNEL_1
SH.S_TIM4_CH1.ConfNb=1
ProjectManager.ProjectFileName=sneak100_software_test.ioc
SH.ADCx_IN13.0=ADC1_IN13,IN13
PA10.Mode=Asynchronous
PC10.GPIO_Label=PROXIMITY_RX_ADD0
Mcu.PinsNb=41
PC9.GPIO_Label=USER_LED2
ProjectManager.NoMain=false
PC11.Locked=true
ADC1.IPParameters=Rank-2\#ChannelRegularConversion,master,Channel-2\#ChannelRegularConversion,SamplingTime-2\#ChannelRegularConversion,NbrOfConversionFlag
SH.S_TIM4_CH4.0=TIM4_CH4,PWM Generation4 CH4
PC11.Signal=GPIO_Output
PC8.Signal=GPIO_Output
PC4.Signal=ADCx_IN14
PC2.Signal=ADCx_IN12
PC6.Signal=GPIO_Input
ProjectManager.DefaultFWLocation=true
PB12.Locked=true
ProjectManager.DeletePrevious=true
PB14.Locked=true
RCC.APB1CLKDivider=RCC_HCLK_DIV4
PB10.Locked=true
PC11.GPIOParameters=GPIO_Label
SH.S_TIM2_CH1_ETR.ConfNb=1
ADC1.SamplingTime-2\#ChannelRegularConversion=ADC_SAMPLETIME_3CYCLES
RCC.FamilyName=M
PA0-WKUP.Signal=S_TIM5_CH1
PC8.GPIO_Label=USER_LED1
PC12.GPIOParameters=GPIO_Label
PA3.Mode=Asynchronous
PA13.Signal=SYS_JTMS-SWDIO
SH.S_TIM2_CH2.0=TIM2_CH2,Encoder_Interface
SH.ADCx_IN12.0=ADC1_IN12,IN12
SH.S_TIM1_CH1.0=TIM1_CH1,Encoder_Interface
ProjectManager.TargetToolchain=STM32CubeIDE
TIM4.IPParameters=Channel-PWM Generation1 CH1,Channel-PWM Generation2 CH2,Channel-PWM Generation3 CH3,Channel-PWM Generation4 CH4
PB10.GPIO_Label=MOTOR_BR_DIR
SH.S_TIM4_CH3.0=TIM4_CH3,PWM Generation3 CH3
PC6.Locked=true
PB2.GPIOParameters=GPIO_Label
PA9.Signal=S_TIM1_CH2
SH.S_TIM2_CH2.ConfNb=1
PB5.Locked=true
RCC.VCOInputMFreq_Value=1000000
ProjectManager.RegisterCallBack=
PA1.Signal=S_TIM5_CH2
PB1.Locked=true
SH.S_TIM1_CH2.ConfNb=1
PB10.Signal=GPIO_Output
SH.S_TIM4_CH3.ConfNb=1
RCC.VCOI2SOutputFreq_Value=192000000
PB14.Signal=GPIO_Output
PA5.Signal=S_TIM2_CH1_ETR
Mcu.Pin40=VP_SYS_VS_Systick
SH.S_TIM3_CH2.0=TIM3_CH2,Encoder_Interface
board=custom
RCC.VCOOutputFreq_Value=144000000
ProjectManager.LastFirmware=true
TIM4.Channel-PWM\ Generation2\ CH2=TIM_CHANNEL_2
RCC.APB2Freq_Value=16000000
SH.ADCx_IN11.0=ADC1_IN11,IN11
MxCube.Version=6.2.1
PB4.GPIO_Label=SMODULE_STR
Mcu.Pin37=PB7
Mcu.Pin38=PB8
PB15.GPIO_Label=USER_BUTTON
SH.S_TIM1_CH2.0=TIM1_CH2,Encoder_Interface
Mcu.Pin35=PB5
Mcu.Pin36=PB6
Mcu.Pin39=PB9
Mcu.Pin30=PC10
VP_SYS_VS_Systick.Mode=SysTick
RCC.EthernetFreq_Value=16000000
SH.ADCx_IN12.ConfNb=1
Mcu.Pin33=PB3
Mcu.Pin34=PB4
Mcu.Pin31=PC11
SH.ADCx_IN15.ConfNb=1
Mcu.Pin32=PC12
NVIC.NonMaskableInt_IRQn=true\:0\:0\:false\:false\:true\:false\:false
PC10.GPIOParameters=GPIO_Label
PB15.GPIOParameters=GPIO_Label
PA13.Mode=Serial_Wire
ProjectManager.FreePins=false
RCC.IPParameters=48MHZClocksFreq_Value,AHBFreq_Value,APB1CLKDivider,APB1Freq_Value,APB1TimFreq_Value,APB2Freq_Value,APB2TimFreq_Value,CortexFreq_Value,EthernetFreq_Value,FCLKCortexFreq_Value,FamilyName,HCLKFreq_Value,HSE_VALUE,HSI_VALUE,I2SClocksFreq_Value,LSI_VALUE,MCO2PinFreq_Value,PLLCLKFreq_Value,PLLM,PLLN,PLLQ,PLLQCLKFreq_Value,RTCFreq_Value,RTCHSEDivFreq_Value,SYSCLKFreq_VALUE,VCOI2SOutputFreq_Value,VCOInputFreq_Value,VCOInputMFreq_Value,VCOOutputFreq_Value,VcooutputI2S
PC9.GPIOParameters=GPIO_Label
ProjectManager.AskForMigrate=true
Mcu.Name=STM32F411R(C-E)Tx
Mcu.Pin26=PA10
Mcu.Pin27=PA13
RCC.RTCHSEDivFreq_Value=8000000
PA2.Signal=USART2_TX
Mcu.Pin24=PA8
ProjectManager.UnderRoot=true
Mcu.Pin25=PA9
PB2.Locked=true
Mcu.IP8=TIM5
Mcu.IP9=USART1
PC7.GPIO_Label=USER_LED0
Mcu.Pin28=PA14
Mcu.IP6=TIM3
Mcu.Pin29=PA15
Mcu.IP7=TIM4
ProjectManager.CoupleFile=true
PB4.Locked=true
RCC.48MHZClocksFreq_Value=48000000
PB3.Signal=S_TIM2_CH2
RCC.SYSCLKFreq_VALUE=16000000
PB5.Signal=GPIO_Input
Mcu.Pin22=PC8
Mcu.Pin23=PC9
Mcu.Pin20=PC6
ADC1.master=1
Mcu.Pin21=PC7
NVIC.ForceEnableDMAVector=true
KeepUserPlacement=false
NVIC.MemoryManagement_IRQn=true\:0\:0\:false\:false\:true\:false\:false
PC12.GPIO_Label=PROXIMITY_RX_ADD2
USART1.VirtualMode=VM_ASYNC
ProjectManager.CompilerOptimize=6
SH.S_TIM2_CH1_ETR.0=TIM2_CH1,Encoder_Interface
PA14.Signal=SYS_JTCK-SWCLK
PB2.GPIO_Label=MOTOR_BL_DIR
ProjectManager.HeapSize=0x200
Mcu.Pin15=PB10
NVIC.HardFault_IRQn=true\:0\:0\:false\:false\:true\:false\:false
Mcu.Pin16=PB12
Mcu.Pin13=PB1
Mcu.Pin14=PB2
PC6.GPIOParameters=GPIO_Label
Mcu.Pin19=PB15
SH.S_TIM3_CH1.ConfNb=1
ProjectManager.ComputerToolchain=false
Mcu.Pin17=PB13
RCC.HSI_VALUE=16000000
Mcu.Pin18=PB14
RCC.PLLQ=3
NVIC.PriorityGroup=NVIC_PRIORITYGROUP_4
ADC1.NbrOfConversionFlag=1
Mcu.Pin11=PC5
Mcu.Pin12=PB0
RCC.PLLM=8
RCC.PLLN=72
Mcu.Pin10=PC4
PA2.Mode=Asynchronous
PB8.Signal=S_TIM4_CH3
PC8.Locked=true
PC9.Signal=GPIO_Output
RCC.APB1Freq_Value=4000000
PB0.Signal=GPIO_Output
ProjectManager.DeviceId=STM32F411RETx
PC1.Signal=ADCx_IN11
PB12.GPIOParameters=GPIO_Label
PB12.Signal=GPIO_Output
ProjectManager.LibraryCopy=1
SH.S_TIM5_CH1.ConfNb=1
PB1.GPIOParameters=GPIO_Label
PA7.Signal=S_TIM3_CH2
isbadioc=false
